// !$*UTF8*$!
{
	archiveVersion = 1;
	classes = {
	};
	objectVersion = 50;
	objects = {

/* Begin PBXBuildFile section */
		4C423F6D23A7E16E00584455 /* AppDelegate.swift in Sources */ = {isa = PBXBuildFile; fileRef = 4C423F6C23A7E16E00584455 /* AppDelegate.swift */; };
		4C423F6F23A7E16E00584455 /* ViewController.swift in Sources */ = {isa = PBXBuildFile; fileRef = 4C423F6E23A7E16E00584455 /* ViewController.swift */; };
		4C423F7123A7E17000584455 /* Assets.xcassets in Resources */ = {isa = PBXBuildFile; fileRef = 4C423F7023A7E17000584455 /* Assets.xcassets */; };
		4C423F7423A7E17000584455 /* Main.storyboard in Resources */ = {isa = PBXBuildFile; fileRef = 4C423F7223A7E17000584455 /* Main.storyboard */; };
		C148D9C71B288A9809D6D344 /* Pods_anyshortcut.framework in Frameworks */ = {isa = PBXBuildFile; fileRef = F702EC35A7CB7B5737C52F56 /* Pods_anyshortcut.framework */; };
/* End PBXBuildFile section */

/* Begin PBXFileReference section */
		1FB2A046287A62C3CBBF6432 /* Pods-anyshortcut.debug.xcconfig */ = {isa = PBXFileReference; includeInIndex = 1; lastKnownFileType = text.xcconfig; name = "Pods-anyshortcut.debug.xcconfig"; path = "Target Support Files/Pods-anyshortcut/Pods-anyshortcut.debug.xcconfig"; sourceTree = "<group>"; };
		4C423F6923A7E16E00584455 /* anyshortcut.app */ = {isa = PBXFileReference; explicitFileType = wrapper.application; includeInIndex = 0; path = anyshortcut.app; sourceTree = BUILT_PRODUCTS_DIR; };
		4C423F6C23A7E16E00584455 /* AppDelegate.swift */ = {isa = PBXFileReference; lastKnownFileType = sourcecode.swift; path = AppDelegate.swift; sourceTree = "<group>"; };
		4C423F6E23A7E16E00584455 /* ViewController.swift */ = {isa = PBXFileReference; lastKnownFileType = sourcecode.swift; path = ViewController.swift; sourceTree = "<group>"; };
		4C423F7023A7E17000584455 /* Assets.xcassets */ = {isa = PBXFileReference; lastKnownFileType = folder.assetcatalog; path = Assets.xcassets; sourceTree = "<group>"; };
		4C423F7323A7E17000584455 /* Base */ = {isa = PBXFileReference; lastKnownFileType = file.storyboard; name = Base; path = Base.lproj/Main.storyboard; sourceTree = "<group>"; };
		4C423F7523A7E17000584455 /* Info.plist */ = {isa = PBXFileReference; lastKnownFileType = text.plist.xml; path = Info.plist; sourceTree = "<group>"; };
		4C423F7623A7E17000584455 /* anyshortcut.entitlements */ = {isa = PBXFileReference; lastKnownFileType = text.plist.entitlements; path = anyshortcut.entitlements; sourceTree = "<group>"; };
		CEC2BC1426D8407587B74ABB /* Pods-anyshortcut.release.xcconfig */ = {isa = PBXFileReference; includeInIndex = 1; lastKnownFileType = text.xcconfig; name = "Pods-anyshortcut.release.xcconfig"; path = "Target Support Files/Pods-anyshortcut/Pods-anyshortcut.release.xcconfig"; sourceTree = "<group>"; };
		F702EC35A7CB7B5737C52F56 /* Pods_anyshortcut.framework */ = {isa = PBXFileReference; explicitFileType = wrapper.framework; includeInIndex = 0; path = Pods_anyshortcut.framework; sourceTree = BUILT_PRODUCTS_DIR; };
/* End PBXFileReference section */

/* Begin PBXFrameworksBuildPhase section */
		4C423F6623A7E16E00584455 /* Frameworks */ = {
			isa = PBXFrameworksBuildPhase;
			buildActionMask = 2147483647;
			files = (
				C148D9C71B288A9809D6D344 /* Pods_anyshortcut.framework in Frameworks */,
			);
			runOnlyForDeploymentPostprocessing = 0;
		};
/* End PBXFrameworksBuildPhase section */

/* Begin PBXGroup section */
		08CE4260C91568B07DA8ADA2 /* Frameworks */ = {
			isa = PBXGroup;
			children = (
				F702EC35A7CB7B5737C52F56 /* Pods_anyshortcut.framework */,
			);
			name = Frameworks;
			sourceTree = "<group>";
		};
		4C423F6023A7E16E00584455 = {
			isa = PBXGroup;
			children = (
				4C423F6B23A7E16E00584455 /* anyshortcut */,
				4C423F6A23A7E16E00584455 /* Products */,
				BC262975E76B41DF0298495F /* Pods */,
				08CE4260C91568B07DA8ADA2 /* Frameworks */,
			);
			sourceTree = "<group>";
		};
		4C423F6A23A7E16E00584455 /* Products */ = {
			isa = PBXGroup;
			children = (
				4C423F6923A7E16E00584455 /* anyshortcut.app */,
			);
			name = Products;
			sourceTree = "<group>";
		};
		4C423F6B23A7E16E00584455 /* anyshortcut */ = {
			isa = PBXGroup;
			children = (
				4C423F6C23A7E16E00584455 /* AppDelegate.swift */,
				4C423F6E23A7E16E00584455 /* ViewController.swift */,
				4C423F7023A7E17000584455 /* Assets.xcassets */,
				4C423F7223A7E17000584455 /* Main.storyboard */,
				4C423F7523A7E17000584455 /* Info.plist */,
				4C423F7623A7E17000584455 /* anyshortcut.entitlements */,
			);
			path = anyshortcut;
			sourceTree = "<group>";
		};
		BC262975E76B41DF0298495F /* Pods */ = {
			isa = PBXGroup;
			children = (
				1FB2A046287A62C3CBBF6432 /* Pods-anyshortcut.debug.xcconfig */,
				CEC2BC1426D8407587B74ABB /* Pods-anyshortcut.release.xcconfig */,
			);
			name = Pods;
			path = Pods;
			sourceTree = "<group>";
		};
/* End PBXGroup section */

/* Begin PBXNativeTarget section */
		4C423F6823A7E16E00584455 /* anyshortcut */ = {
			isa = PBXNativeTarget;
			buildConfigurationList = 4C423F7923A7E17000584455 /* Build configuration list for PBXNativeTarget "anyshortcut" */;
			buildPhases = (
				C99588E660391969F0D96FDA /* [CP] Check Pods Manifest.lock */,
				4C423F6523A7E16E00584455 /* Sources */,
				4C423F6623A7E16E00584455 /* Frameworks */,
				4C423F6723A7E16E00584455 /* Resources */,
				16CBF1FB3B1B3E6E863F951E /* [CP] Embed Pods Frameworks */,
			);
			buildRules = (
			);
			dependencies = (
			);
			name = anyshortcut;
			productName = anyshortcut;
			productReference = 4C423F6923A7E16E00584455 /* anyshortcut.app */;
			productType = "com.apple.product-type.application";
		};
/* End PBXNativeTarget section */

/* Begin PBXProject section */
		4C423F6123A7E16E00584455 /* Project object */ = {
			isa = PBXProject;
			attributes = {
				LastSwiftUpdateCheck = 1020;
				LastUpgradeCheck = 1020;
				ORGANIZATIONNAME = anyshortcut;
				TargetAttributes = {
					4C423F6823A7E16E00584455 = {
						CreatedOnToolsVersion = 10.2.1;
					};
				};
			};
			buildConfigurationList = 4C423F6423A7E16E00584455 /* Build configuration list for PBXProject "anyshortcut" */;
			compatibilityVersion = "Xcode 9.3";
			developmentRegion = en;
			hasScannedForEncodings = 0;
			knownRegions = (
				en,
				Base,
			);
			mainGroup = 4C423F6023A7E16E00584455;
			productRefGroup = 4C423F6A23A7E16E00584455 /* Products */;
			projectDirPath = "";
			projectRoot = "";
			targets = (
				4C423F6823A7E16E00584455 /* anyshortcut */,
			);
		};
/* End PBXProject section */

/* Begin PBXResourcesBuildPhase section */
		4C423F6723A7E16E00584455 /* Resources */ = {
			isa = PBXResourcesBuildPhase;
			buildActionMask = 2147483647;
			files = (
				4C423F7123A7E17000584455 /* Assets.xcassets in Resources */,
				4C423F7423A7E17000584455 /* Main.storyboard in Resources */,
			);
			runOnlyForDeploymentPostprocessing = 0;
		};
/* End PBXResourcesBuildPhase section */

/* Begin PBXShellScriptBuildPhase section */
		16CBF1FB3B1B3E6E863F951E /* [CP] Embed Pods Frameworks */ = {
			isa = PBXShellScriptBuildPhase;
			buildActionMask = 2147483647;
			files = (
			);
			inputFileListPaths = (
				"${PODS_ROOT}/Target Support Files/Pods-anyshortcut/Pods-anyshortcut-frameworks-${CONFIGURATION}-input-files.xcfilelist",
			);
			name = "[CP] Embed Pods Frameworks";
			outputFileListPaths = (
				"${PODS_ROOT}/Target Support Files/Pods-anyshortcut/Pods-anyshortcut-frameworks-${CONFIGURATION}-output-files.xcfilelist",
			);
			runOnlyForDeploymentPostprocessing = 0;
			shellPath = /bin/sh;
			shellScript = "\"${PODS_ROOT}/Target Support Files/Pods-anyshortcut/Pods-anyshortcut-frameworks.sh\"\n";
			showEnvVarsInLog = 0;
		};
		C99588E660391969F0D96FDA /* [CP] Check Pods Manifest.lock */ = {
			isa = PBXShellScriptBuildPhase;
			buildActionMask = 2147483647;
			files = (
			);
			inputFileListPaths = (
			);
			inputPaths = (
				"${PODS_PODFILE_DIR_PATH}/Podfile.lock",
				"${PODS_ROOT}/Manifest.lock",
			);
			name = "[CP] Check Pods Manifest.lock";
			outputFileListPaths = (
			);
			outputPaths = (
				"$(DERIVED_FILE_DIR)/Pods-anyshortcut-checkManifestLockResult.txt",
			);
			runOnlyForDeploymentPostprocessing = 0;
			shellPath = /bin/sh;
			shellScript = "diff \"${PODS_PODFILE_DIR_PATH}/Podfile.lock\" \"${PODS_ROOT}/Manifest.lock\" > /dev/null\nif [ $? != 0 ] ; then\n    # print error to STDERR\n    echo \"error: The sandbox is not in sync with the Podfile.lock. Run 'pod install' or update your CocoaPods installation.\" >&2\n    exit 1\nfi\n# This output is used by Xcode 'outputs' to avoid re-running this script phase.\necho \"SUCCESS\" > \"${SCRIPT_OUTPUT_FILE_0}\"\n";
			showEnvVarsInLog = 0;
		};
/* End PBXShellScriptBuildPhase section */

/* Begin PBXSourcesBuildPhase section */
		4C423F6523A7E16E00584455 /* Sources */ = {
			isa = PBXSourcesBuildPhase;
			buildActionMask = 2147483647;
			files = (
				4C423F6F23A7E16E00584455 /* ViewController.swift in Sources */,
				4C423F6D23A7E16E00584455 /* AppDelegate.swift in Sources */,
			);
			runOnlyForDeploymentPostprocessing = 0;
		};
/* End PBXSourcesBuildPhase section */

/* Begin PBXVariantGroup section */
		4C423F7223A7E17000584455 /* Main.storyboard */ = {
			isa = PBXVariantGroup;
			children = (
				4C423F7323A7E17000584455 /* Base */,
			);
			name = Main.storyboard;
			sourceTree = "<group>";
		};
/* End PBXVariantGroup section */

/* Begin XCBuildConfiguration section */
		4C423F7723A7E17000584455 /* Debug */ = {
			isa = XCBuildConfiguration;
			buildSettings = {
				ALWAYS_SEARCH_USER_PATHS = NO;
				CLANG_ANALYZER_NONNULL = YES;
				CLANG_ANALYZER_NUMBER_OBJECT_CONVERSION = YES_AGGRESSIVE;
				CLANG_CXX_LANGUAGE_STANDARD = "gnu++14";
				CLANG_CXX_LIBRARY = "libc++";
				CLANG_ENABLE_MODULES = YES;
				CLANG_ENABLE_OBJC_ARC = YES;
				CLANG_ENABLE_OBJC_WEAK = YES;
				CLANG_WARN_BLOCK_CAPTURE_AUTORELEASING = YES;
				CLANG_WARN_BOOL_CONVERSION = YES;
				CLANG_WARN_COMMA = YES;
				CLANG_WARN_CONSTANT_CONVERSION = YES;
				CLANG_WARN_DEPRECATED_OBJC_IMPLEMENTATIONS = YES;
				CLANG_WARN_DIRECT_OBJC_ISA_USAGE = YES_ERROR;
				CLANG_WARN_DOCUMENTATION_COMMENTS = YES;
				CLANG_WARN_EMPTY_BODY = YES;
				CLANG_WARN_ENUM_CONVERSION = YES;
				CLANG_WARN_INFINITE_RECURSION = YES;
				CLANG_WARN_INT_CONVERSION = YES;
				CLANG_WARN_NON_LITERAL_NULL_CONVERSION = YES;
				CLANG_WARN_OBJC_IMPLICIT_RETAIN_SELF = YES;
				CLANG_WARN_OBJC_LITERAL_CONVERSION = YES;
				CLANG_WARN_OBJC_ROOT_CLASS = YES_ERROR;
				CLANG_WARN_RANGE_LOOP_ANALYSIS = YES;
				CLANG_WARN_STRICT_PROTOTYPES = YES;
				CLANG_WARN_SUSPICIOUS_MOVE = YES;
				CLANG_WARN_UNGUARDED_AVAILABILITY = YES_AGGRESSIVE;
				CLANG_WARN_UNREACHABLE_CODE = YES;
				CLANG_WARN__DUPLICATE_METHOD_MATCH = YES;
				CODE_SIGN_IDENTITY = "-";
				COPY_PHASE_STRIP = NO;
				DEBUG_INFORMATION_FORMAT = dwarf;
				ENABLE_STRICT_OBJC_MSGSEND = YES;
				ENABLE_TESTABILITY = YES;
				GCC_C_LANGUAGE_STANDARD = gnu11;
				GCC_DYNAMIC_NO_PIC = NO;
				GCC_NO_COMMON_BLOCKS = YES;
				GCC_OPTIMIZATION_LEVEL = 0;
				GCC_PREPROCESSOR_DEFINITIONS = (
					"DEBUG=1",
					"$(inherited)",
				);
				GCC_WARN_64_TO_32_BIT_CONVERSION = YES;
				GCC_WARN_ABOUT_RETURN_TYPE = YES_ERROR;
				GCC_WARN_UNDECLARED_SELECTOR = YES;
				GCC_WARN_UNINITIALIZED_AUTOS = YES_AGGRESSIVE;
				GCC_WARN_UNUSED_FUNCTION = YES;
				GCC_WARN_UNUSED_VARIABLE = YES;
				MACOSX_DEPLOYMENT_TARGET = 10.14;
				MTL_ENABLE_DEBUG_INFO = INCLUDE_SOURCE;
				MTL_FAST_MATH = YES;
				ONLY_ACTIVE_ARCH = YES;
				SDKROOT = macosx;
				SWIFT_ACTIVE_COMPILATION_CONDITIONS = DEBUG;
				SWIFT_OPTIMIZATION_LEVEL = "-Onone";
			};
			name = Debug;
		};
		4C423F7823A7E17000584455 /* Release */ = {
			isa = XCBuildConfiguration;
			buildSettings = {
				ALWAYS_SEARCH_USER_PATHS = NO;
				CLANG_ANALYZER_NONNULL = YES;
				CLANG_ANALYZER_NUMBER_OBJECT_CONVERSION = YES_AGGRESSIVE;
				CLANG_CXX_LANGUAGE_STANDARD = "gnu++14";
				CLANG_CXX_LIBRARY = "libc++";
				CLANG_ENABLE_MODULES = YES;
				CLANG_ENABLE_OBJC_ARC = YES;
				CLANG_ENABLE_OBJC_WEAK = YES;
				CLANG_WARN_BLOCK_CAPTURE_AUTORELEASING = YES;
				CLANG_WARN_BOOL_CONVERSION = YES;
				CLANG_WARN_COMMA = YES;
				CLANG_WARN_CONSTANT_CONVERSION = YES;
				CLANG_WARN_DEPRECATED_OBJC_IMPLEMENTATIONS = YES;
				CLANG_WARN_DIRECT_OBJC_ISA_USAGE = YES_ERROR;
				CLANG_WARN_DOCUMENTATION_COMMENTS = YES;
				CLANG_WARN_EMPTY_BODY = YES;
				CLANG_WARN_ENUM_CONVERSION = YES;
				CLANG_WARN_INFINITE_RECURSION = YES;
				CLANG_WARN_INT_CONVERSION = YES;
				CLANG_WARN_NON_LITERAL_NULL_CONVERSION = YES;
				CLANG_WARN_OBJC_IMPLICIT_RETAIN_SELF = YES;
				CLANG_WARN_OBJC_LITERAL_CONVERSION = YES;
				CLANG_WARN_OBJC_ROOT_CLASS = YES_ERROR;
				CLANG_WARN_RANGE_LOOP_ANALYSIS = YES;
				CLANG_WARN_STRICT_PROTOTYPES = YES;
				CLANG_WARN_SUSPICIOUS_MOVE = YES;
				CLANG_WARN_UNGUARDED_AVAILABILITY = YES_AGGRESSIVE;
				CLANG_WARN_UNREACHABLE_CODE = YES;
				CLANG_WARN__DUPLICATE_METHOD_MATCH = YES;
				CODE_SIGN_IDENTITY = "-";
				COPY_PHASE_STRIP = NO;
				DEBUG_INFORMATION_FORMAT = "dwarf-with-dsym";
				ENABLE_NS_ASSERTIONS = NO;
				ENABLE_STRICT_OBJC_MSGSEND = YES;
				GCC_C_LANGUAGE_STANDARD = gnu11;
				GCC_NO_COMMON_BLOCKS = YES;
				GCC_WARN_64_TO_32_BIT_CONVERSION = YES;
				GCC_WARN_ABOUT_RETURN_TYPE = YES_ERROR;
				GCC_WARN_UNDECLARED_SELECTOR = YES;
				GCC_WARN_UNINITIALIZED_AUTOS = YES_AGGRESSIVE;
				GCC_WARN_UNUSED_FUNCTION = YES;
				GCC_WARN_UNUSED_VARIABLE = YES;
				MACOSX_DEPLOYMENT_TARGET = 10.14;
				MTL_ENABLE_DEBUG_INFO = NO;
				MTL_FAST_MATH = YES;
				SDKROOT = macosx;
				SWIFT_COMPILATION_MODE = wholemodule;
				SWIFT_OPTIMIZATION_LEVEL = "-O";
			};
			name = Release;
		};
		4C423F7A23A7E17000584455 /* Debug */ = {
			isa = XCBuildConfiguration;
			baseConfigurationReference = 1FB2A046287A62C3CBBF6432 /* Pods-anyshortcut.debug.xcconfig */;
			buildSettings = {
				ASSETCATALOG_COMPILER_APPICON_NAME = AppIcon;
				CODE_SIGN_ENTITLEMENTS = anyshortcut/anyshortcut.entitlements;
				CODE_SIGN_STYLE = Automatic;
				COMBINE_HIDPI_IMAGES = YES;
				INFOPLIST_FILE = anyshortcut/Info.plist;
				LD_RUNPATH_SEARCH_PATHS = (
					"$(inherited)",
					"@executable_path/../Frameworks",
				);
				PRODUCT_BUNDLE_IDENTIFIER = com.anyshortcut;
				PRODUCT_NAME = "$(TARGET_NAME)";
				SWIFT_VERSION = 5.0;
			};
			name = Debug;
		};
		4C423F7B23A7E17000584455 /* Release */ = {
			isa = XCBuildConfiguration;
			baseConfigurationReference = CEC2BC1426D8407587B74ABB /* Pods-anyshortcut.release.xcconfig */;
			buildSettings = {
				ASSETCATALOG_COMPILER_APPICON_NAME = AppIcon;
				CODE_SIGN_ENTITLEMENTS = anyshortcut/anyshortcut.entitlements;
				CODE_SIGN_STYLE = Automatic;
				COMBINE_HIDPI_IMAGES = YES;
				INFOPLIST_FILE = anyshortcut/Info.plist;
				LD_RUNPATH_SEARCH_PATHS = (
					"$(inherited)",
					"@executable_path/../Frameworks",
				);
				PRODUCT_BUNDLE_IDENTIFIER = com.anyshortcut;
				PRODUCT_NAME = "$(TARGET_NAME)";
				SWIFT_VERSION = 5.0;
			};
			name = Release;
		};
/* End XCBuildConfiguration section */

/* Begin XCConfigurationList section */
		4C423F6423A7E16E00584455 /* Build configuration list for PBXProject "anyshortcut" */ = {
			isa = XCConfigurationList;
			buildConfigurations = (
				4C423F7723A7E17000584455 /* Debug */,
				4C423F7823A7E17000584455 /* Release */,
			);
			defaultConfigurationIsVisible = 0;
			defaultConfigurationName = Release;
		};
		4C423F7923A7E17000584455 /* Build configuration list for PBXNativeTarget "anyshortcut" */ = {
			isa = XCConfigurationList;
			buildConfigurations = (
				4C423F7A23A7E17000584455 /* Debug */,
				4C423F7B23A7E17000584455 /* Release */,
			);
			defaultConfigurationIsVisible = 0;
			defaultConfigurationName = Release;
		};
/* End XCConfigurationList section */
	};
	rootObject = 4C423F6123A7E16E00584455 /* Project object */;
}
